
Microsoft Visual Studio Solution File, Format Version 12.00
# Visual Studio 15
VisualStudioVersion = 15.0.27004.2010
MinimumVisualStudioVersion = 10.0.40219.1
Project("{9A19103F-16F7-4668-BE54-9A1E7A4F7556}") = "HHStorage", "HHStorage\HHStorage.csproj", "{EC144AAE-2D52-4884-94D3-2B5C27DA757E}"
EndProject
Project("{9A19103F-16F7-4668-BE54-9A1E7A4F7556}") = "HHStorage.Client", "HHStorage.Client\HHStorage.Client.csproj", "{8FA6B716-798B-4B29-B6CA-AD98053748F1}"
EndProject
Project("{FAE04EC0-301F-11D3-BF4B-00C04F79EFBC}") = "HHStorage.Models.API", "HHStorage.Models.API\HHStorage.Models.API.csproj", "{D6DDE2D1-E38F-478C-9C68-4A894A80A51A}"
EndProject
Project("{FAE04EC0-301F-11D3-BF4B-00C04F79EFBC}") = "HHStorage.Models.EF", "HHStorage.Models.EF\HHStorage.Models.EF.csproj", "{4098F6AB-5F6B-482C-AA50-3874CC8EEBEB}"
EndProject
Global
	GlobalSection(SolutionConfigurationPlatforms) = preSolution
		Debug|Any CPU = Debug|Any CPU
		Release|Any CPU = Release|Any CPU
	EndGlobalSection
	GlobalSection(ProjectConfigurationPlatforms) = postSolution
		{EC144AAE-2D52-4884-94D3-2B5C27DA757E}.Debug|Any CPU.ActiveCfg = Debug|Any CPU
		{EC144AAE-2D52-4884-94D3-2B5C27DA757E}.Debug|Any CPU.Build.0 = Debug|Any CPU
		{EC144AAE-2D52-4884-94D3-2B5C27DA757E}.Release|Any CPU.ActiveCfg = Release|Any CPU
		{EC144AAE-2D52-4884-94D3-2B5C27DA757E}.Release|Any CPU.Build.0 = Release|Any CPU
		{8FA6B716-798B-4B29-B6CA-AD98053748F1}.Debug|Any CPU.ActiveCfg = Debug|Any CPU
		{8FA6B716-798B-4B29-B6CA-AD98053748F1}.Debug|Any CPU.Build.0 = Debug|Any CPU
		{8FA6B716-798B-4B29-B6CA-AD98053748F1}.Release|Any CPU.ActiveCfg = Release|Any CPU
		{8FA6B716-798B-4B29-B6CA-AD98053748F1}.Release|Any CPU.Build.0 = Release|Any CPU
		{D6DDE2D1-E38F-478C-9C68-4A894A80A51A}.Debug|Any CPU.ActiveCfg = Debug|Any CPU
		{D6DDE2D1-E38F-478C-9C68-4A894A80A51A}.Debug|Any CPU.Build.0 = Debug|Any CPU
		{D6DDE2D1-E38F-478C-9C68-4A894A80A51A}.Release|Any CPU.ActiveCfg = Release|Any CPU
		{D6DDE2D1-E38F-478C-9C68-4A894A80A51A}.Release|Any CPU.Build.0 = Release|Any CPU
		{4098F6AB-5F6B-482C-AA50-3874CC8EEBEB}.Debug|Any CPU.ActiveCfg = Debug|Any CPU
		{4098F6AB-5F6B-482C-AA50-3874CC8EEBEB}.Debug|Any CPU.Build.0 = Debug|Any CPU
		{4098F6AB-5F6B-482C-AA50-3874CC8EEBEB}.Release|Any CPU.ActiveCfg = Release|Any CPU
		{4098F6AB-5F6B-482C-AA50-3874CC8EEBEB}.Release|Any CPU.Build.0 = Release|Any CPU
	EndGlobalSection
	GlobalSection(SolutionProperties) = preSolution
		HideSolutionNode = FALSE
	EndGlobalSection
	GlobalSection(ExtensibilityGlobals) = postSolution
		SolutionGuid = {B0505C50-292B-404E-96A5-11C3A5B8B4EF}
	EndGlobalSection
EndGlobal
